
Microsoft Visual Studio Solution File, Format Version 12.00
# Visual Studio Version 17
VisualStudioVersion = 17.2.32630.192
MinimumVisualStudioVersion = 10.0.40219.1
Project("{9A19103F-16F7-4668-BE54-9A1E7A4F7556}") = "AdminDashboard", "AdminDashboard\AdminDashboard.csproj", "{F40CB4CD-846A-4891-9669-CC856550E6DA}"
EndProject
Project("{9A19103F-16F7-4668-BE54-9A1E7A4F7556}") = "BLL", "BLL\BLL.csproj", "{6504B63D-C687-4388-B61B-5B640A241B62}"
EndProject
Project("{9A19103F-16F7-4668-BE54-9A1E7A4F7556}") = "DAL", "DAL\DAL.csproj", "{59C533AF-7243-4EAD-809B-56175E5B8564}"
EndProject
Project("{9A19103F-16F7-4668-BE54-9A1E7A4F7556}") = "CustomerWebApp", "CustomerWebAp\CustomerWebApp.csproj", "{0976078E-C676-4059-AEFC-53D16D89FA18}"
EndProject
Project("{FAE04EC0-301F-11D3-BF4B-00C04F79EFBC}") = "WorkerApp", "WorkerApp\WorkerApp.csproj", "{2692E500-3588-40B4-8411-44D73B12F073}"
EndProject
Global
	GlobalSection(SolutionConfigurationPlatforms) = preSolution
		Debug|Any CPU = Debug|Any CPU
		Release|Any CPU = Release|Any CPU
	EndGlobalSection
	GlobalSection(ProjectConfigurationPlatforms) = postSolution
		{F40CB4CD-846A-4891-9669-CC856550E6DA}.Debug|Any CPU.ActiveCfg = Debug|Any CPU
		{F40CB4CD-846A-4891-9669-CC856550E6DA}.Debug|Any CPU.Build.0 = Debug|Any CPU
		{F40CB4CD-846A-4891-9669-CC856550E6DA}.Release|Any CPU.ActiveCfg = Release|Any CPU
		{F40CB4CD-846A-4891-9669-CC856550E6DA}.Release|Any CPU.Build.0 = Release|Any CPU
		{6504B63D-C687-4388-B61B-5B640A241B62}.Debug|Any CPU.ActiveCfg = Debug|Any CPU
		{6504B63D-C687-4388-B61B-5B640A241B62}.Debug|Any CPU.Build.0 = Debug|Any CPU
		{6504B63D-C687-4388-B61B-5B640A241B62}.Release|Any CPU.ActiveCfg = Release|Any CPU
		{6504B63D-C687-4388-B61B-5B640A241B62}.Release|Any CPU.Build.0 = Release|Any CPU
		{59C533AF-7243-4EAD-809B-56175E5B8564}.Debug|Any CPU.ActiveCfg = Debug|Any CPU
		{59C533AF-7243-4EAD-809B-56175E5B8564}.Debug|Any CPU.Build.0 = Debug|Any CPU
		{59C533AF-7243-4EAD-809B-56175E5B8564}.Release|Any CPU.ActiveCfg = Release|Any CPU
		{59C533AF-7243-4EAD-809B-56175E5B8564}.Release|Any CPU.Build.0 = Release|Any CPU
		{0976078E-C676-4059-AEFC-53D16D89FA18}.Debug|Any CPU.ActiveCfg = Debug|Any CPU
		{0976078E-C676-4059-AEFC-53D16D89FA18}.Debug|Any CPU.Build.0 = Debug|Any CPU
		{0976078E-C676-4059-AEFC-53D16D89FA18}.Release|Any CPU.ActiveCfg = Release|Any CPU
		{0976078E-C676-4059-AEFC-53D16D89FA18}.Release|Any CPU.Build.0 = Release|Any CPU
		{2692E500-3588-40B4-8411-44D73B12F073}.Debug|Any CPU.ActiveCfg = Debug|Any CPU
		{2692E500-3588-40B4-8411-44D73B12F073}.Debug|Any CPU.Build.0 = Debug|Any CPU
		{2692E500-3588-40B4-8411-44D73B12F073}.Release|Any CPU.ActiveCfg = Release|Any CPU
		{2692E500-3588-40B4-8411-44D73B12F073}.Release|Any CPU.Build.0 = Release|Any CPU
	EndGlobalSection
	GlobalSection(SolutionProperties) = preSolution
		HideSolutionNode = FALSE
	EndGlobalSection
	GlobalSection(ExtensibilityGlobals) = postSolution
		SolutionGuid = {D38EF238-E3C9-47C3-8D2E-F44827FC1C3F}
	EndGlobalSection
EndGlobal
